{
  "lockfileVersion": 1,
  "configVersion": 1,
  "workspaces": {
    "": {
      "name": "hush-monorepo",
      "dependencies": {
        "@chriscode/hush": "^5.0.5",
      },
    },
  },
  "packages": {
    "@chriscode/hush": ["@chriscode/hush@5.0.6", "", { "dependencies": { "picocolors": "^1.0.0", "yaml": "^2.4.0" }, "bin": { "hush": "bin/hush.js" } }, "sha512-oFyZAQJhA0lFCSoEnrxxUgGqQQpysZ11wRjJ4v4uL2LQxdweDtVPvqdabH8zLBdqt8a9wv6ueGZVICgzOs380A=="],

    "picocolors": ["picocolors@1.1.1", "", {}, "sha512-xceH2snhtb5M9liqDsmEw56le376mTZkEX/jEb/RxNFyegNul7eNslCXP9FDj/Lcu0X8KEyMceP2ntpaHrDEVA=="],

    "yaml": ["yaml@2.8.2", "", { "bin": { "yaml": "bin.mjs" } }, "sha512-mplynKqc1C2hTVYxd0PU2xQAc22TI1vShAYGksCCfxbn/dFwnHTNi1bvYsBTkhdUNtGIf5xNOg938rrSSYvS9A=="],
  }
}
