{
  "name": "hush-test-project",
  "version": "1.0.0",
  "lockfileVersion": 3,
  "requires": true,
  "packages": {
    "": {
      "name": "hush-test-project",
      "version": "1.0.0",
      "dependencies": {
        "@chriscode/hush": "^5.0.5"
      }
    },
    "node_modules/@chriscode/hush": {
      "version": "5.0.5",
      "resolved": "https://registry.npmjs.org/@chriscode/hush/-/hush-5.0.5.tgz",
      "integrity": "sha512-qsizibwxLAVu9DBdIqNLbe1/epOEomNhLND/FMVFUr7UMsuOo5d7nu1ja9l4PNOI2l8Tvtpy/b1pcij/FNLOXQ==",
      "license": "MIT",
      "dependencies": {
        "picocolors": "^1.0.0",
        "yaml": "^2.4.0"
      },
      "bin": {
        "hush": "bin/hush.js"
      },
      "engines": {
        "node": ">=18"
      }
    },
    "node_modules/picocolors": {
      "version": "1.1.1",
      "resolved": "https://registry.npmjs.org/picocolors/-/picocolors-1.1.1.tgz",
      "integrity": "sha512-xceH2snhtb5M9liqDsmEw56le376mTZkEX/jEb/RxNFyegNul7eNslCXP9FDj/Lcu0X8KEyMceP2ntpaHrDEVA==",
      "license": "ISC"
    },
    "node_modules/yaml": {
      "version": "2.8.2",
      "resolved": "https://registry.npmjs.org/yaml/-/yaml-2.8.2.tgz",
      "integrity": "sha512-mplynKqc1C2hTVYxd0PU2xQAc22TI1vShAYGksCCfxbn/dFwnHTNi1bvYsBTkhdUNtGIf5xNOg938rrSSYvS9A==",
      "license": "ISC",
      "bin": {
        "yaml": "bin.mjs"
      },
      "engines": {
        "node": ">= 14.6"
      },
      "funding": {
        "url": "https://github.com/sponsors/eemeli"
      }
    }
  }
}
